
Microsoft Visual Studio Solution File, Format Version 12.00
# Visual Studio Version 17
VisualStudioVersion = 17.0.31717.71
MinimumVisualStudioVersion = 10.0.40219.1
Project("{9A19103F-16F7-4668-BE54-9A1E7A4F7556}") = "Guitars.API", "Guitars.API\Guitars.API.csproj", "{841818CF-EED2-4C3F-A757-6C6B0164BCF9}"
EndProject
Project("{2150E333-8FDC-42A3-9474-1A3956D46DE8}") = "src", "src", "{3A9E10DD-4DC8-4A11-B790-45ED76A14D4E}"
EndProject
Project("{2150E333-8FDC-42A3-9474-1A3956D46DE8}") = "tests", "tests", "{9A6C9F9C-0340-4B00-B64F-C554DA6317E1}"
EndProject
Project("{9A19103F-16F7-4668-BE54-9A1E7A4F7556}") = "Guitars.Application", "Guitars.Application\Guitars.Application.csproj", "{01AC3F2D-8E3D-467E-B004-B37548C30621}"
EndProject
Project("{9A19103F-16F7-4668-BE54-9A1E7A4F7556}") = "Guitars.Domain", "Guitars.Domain\Guitars.Domain.csproj", "{BF45528C-38EB-4BAD-A6BC-58B9BCE4BA06}"
EndProject
Project("{9A19103F-16F7-4668-BE54-9A1E7A4F7556}") = "Guitars.Infrastructure", "Guitars.Infrastructure\Guitars.Infrastructure.csproj", "{943B06A4-B98E-4617-A910-9F3DB3B8BDB7}"
EndProject
Project("{2150E333-8FDC-42A3-9474-1A3956D46DE8}") = "Solution Items", "Solution Items", "{2BC3E89D-C57E-49CB-AE10-9A1CCB65261A}"
	ProjectSection(SolutionItems) = preProject
		.editorconfig = .editorconfig
	EndProjectSection
EndProject
Global
	GlobalSection(SolutionConfigurationPlatforms) = preSolution
		Debug|Any CPU = Debug|Any CPU
		Release|Any CPU = Release|Any CPU
	EndGlobalSection
	GlobalSection(ProjectConfigurationPlatforms) = postSolution
		{841818CF-EED2-4C3F-A757-6C6B0164BCF9}.Debug|Any CPU.ActiveCfg = Debug|Any CPU
		{841818CF-EED2-4C3F-A757-6C6B0164BCF9}.Debug|Any CPU.Build.0 = Debug|Any CPU
		{841818CF-EED2-4C3F-A757-6C6B0164BCF9}.Release|Any CPU.ActiveCfg = Release|Any CPU
		{841818CF-EED2-4C3F-A757-6C6B0164BCF9}.Release|Any CPU.Build.0 = Release|Any CPU
		{01AC3F2D-8E3D-467E-B004-B37548C30621}.Debug|Any CPU.ActiveCfg = Debug|Any CPU
		{01AC3F2D-8E3D-467E-B004-B37548C30621}.Debug|Any CPU.Build.0 = Debug|Any CPU
		{01AC3F2D-8E3D-467E-B004-B37548C30621}.Release|Any CPU.ActiveCfg = Release|Any CPU
		{01AC3F2D-8E3D-467E-B004-B37548C30621}.Release|Any CPU.Build.0 = Release|Any CPU
		{BF45528C-38EB-4BAD-A6BC-58B9BCE4BA06}.Debug|Any CPU.ActiveCfg = Debug|Any CPU
		{BF45528C-38EB-4BAD-A6BC-58B9BCE4BA06}.Debug|Any CPU.Build.0 = Debug|Any CPU
		{BF45528C-38EB-4BAD-A6BC-58B9BCE4BA06}.Release|Any CPU.ActiveCfg = Release|Any CPU
		{BF45528C-38EB-4BAD-A6BC-58B9BCE4BA06}.Release|Any CPU.Build.0 = Release|Any CPU
		{943B06A4-B98E-4617-A910-9F3DB3B8BDB7}.Debug|Any CPU.ActiveCfg = Debug|Any CPU
		{943B06A4-B98E-4617-A910-9F3DB3B8BDB7}.Debug|Any CPU.Build.0 = Debug|Any CPU
		{943B06A4-B98E-4617-A910-9F3DB3B8BDB7}.Release|Any CPU.ActiveCfg = Release|Any CPU
		{943B06A4-B98E-4617-A910-9F3DB3B8BDB7}.Release|Any CPU.Build.0 = Release|Any CPU
	EndGlobalSection
	GlobalSection(SolutionProperties) = preSolution
		HideSolutionNode = FALSE
	EndGlobalSection
	GlobalSection(NestedProjects) = preSolution
		{841818CF-EED2-4C3F-A757-6C6B0164BCF9} = {3A9E10DD-4DC8-4A11-B790-45ED76A14D4E}
		{01AC3F2D-8E3D-467E-B004-B37548C30621} = {3A9E10DD-4DC8-4A11-B790-45ED76A14D4E}
		{BF45528C-38EB-4BAD-A6BC-58B9BCE4BA06} = {3A9E10DD-4DC8-4A11-B790-45ED76A14D4E}
		{943B06A4-B98E-4617-A910-9F3DB3B8BDB7} = {3A9E10DD-4DC8-4A11-B790-45ED76A14D4E}
	EndGlobalSection
	GlobalSection(ExtensibilityGlobals) = postSolution
		SolutionGuid = {97E78164-7320-48E2-91AD-E1B0A06CE4CE}
	EndGlobalSection
EndGlobal
