
Microsoft Visual Studio Solution File, Format Version 12.00
# Visual Studio Version 17
VisualStudioVersion = 17.0.31717.71
MinimumVisualStudioVersion = 10.0.40219.1
Project("{9A19103F-16F7-4668-BE54-9A1E7A4F7556}") = "Guitars.API", "src\Guitars.API\Guitars.API.csproj", "{841818CF-EED2-4C3F-A757-6C6B0164BCF9}"
EndProject
Project("{2150E333-8FDC-42A3-9474-1A3956D46DE8}") = "src", "src", "{3A9E10DD-4DC8-4A11-B790-45ED76A14D4E}"
EndProject
Project("{2150E333-8FDC-42A3-9474-1A3956D46DE8}") = "tests", "tests", "{9A6C9F9C-0340-4B00-B64F-C554DA6317E1}"
EndProject
Project("{9A19103F-16F7-4668-BE54-9A1E7A4F7556}") = "Application", "src\Application\Application.csproj", "{01AC3F2D-8E3D-467E-B004-B37548C30621}"
EndProject
Project("{9A19103F-16F7-4668-BE54-9A1E7A4F7556}") = "Domain", "src\Domain\Domain.csproj", "{BF45528C-38EB-4BAD-A6BC-58B9BCE4BA06}"
EndProject
Project("{2150E333-8FDC-42A3-9474-1A3956D46DE8}") = "Solution Items", "Solution Items", "{2BC3E89D-C57E-49CB-AE10-9A1CCB65261A}"
	ProjectSection(SolutionItems) = preProject
		.editorconfig = .editorconfig
	EndProjectSection
EndProject
Project("{9A19103F-16F7-4668-BE54-9A1E7A4F7556}") = "Domain.UnitTests", "tests\Domain.UnitTests\Domain.UnitTests.csproj", "{2C421F01-C382-42C2-90C1-4609348045F3}"
EndProject
Project("{9A19103F-16F7-4668-BE54-9A1E7A4F7556}") = "Application.UnitTests", "tests\Application.UnitTests\Application.UnitTests.csproj", "{0293601C-AC02-4E1A-A481-3629B20F9AE8}"
EndProject
Project("{9A19103F-16F7-4668-BE54-9A1E7A4F7556}") = "Tests.Extensions", "tests\Tests.Extensions\Tests.Extensions.csproj", "{733DB200-77D1-4738-BF63-E8BA48A714AE}"
EndProject
Project("{9A19103F-16F7-4668-BE54-9A1E7A4F7556}") = "IntegrationTests", "tests\IntegrationTests\IntegrationTests.csproj", "{50B69EE1-9679-4DF5-A848-0C24D265FBD3}"
EndProject
Project("{9A19103F-16F7-4668-BE54-9A1E7A4F7556}") = "Guitars.API.OldWay", "src\Guitars.API.OldWay\Guitars.API.OldWay.csproj", "{07A98EB5-6156-4092-8E93-F99C46A3C952}"
EndProject
Project("{FAE04EC0-301F-11D3-BF4B-00C04F79EFBC}") = "PerformanceTests", "src\PerformanceTests\PerformanceTests.csproj", "{46151994-DE8D-4C94-AA9B-81088DE6DEF5}"
EndProject
Global
	GlobalSection(SolutionConfigurationPlatforms) = preSolution
		Debug|Any CPU = Debug|Any CPU
		Release|Any CPU = Release|Any CPU
	EndGlobalSection
	GlobalSection(ProjectConfigurationPlatforms) = postSolution
		{841818CF-EED2-4C3F-A757-6C6B0164BCF9}.Debug|Any CPU.ActiveCfg = Debug|Any CPU
		{841818CF-EED2-4C3F-A757-6C6B0164BCF9}.Debug|Any CPU.Build.0 = Debug|Any CPU
		{841818CF-EED2-4C3F-A757-6C6B0164BCF9}.Release|Any CPU.ActiveCfg = Release|Any CPU
		{841818CF-EED2-4C3F-A757-6C6B0164BCF9}.Release|Any CPU.Build.0 = Release|Any CPU
		{01AC3F2D-8E3D-467E-B004-B37548C30621}.Debug|Any CPU.ActiveCfg = Debug|Any CPU
		{01AC3F2D-8E3D-467E-B004-B37548C30621}.Debug|Any CPU.Build.0 = Debug|Any CPU
		{01AC3F2D-8E3D-467E-B004-B37548C30621}.Release|Any CPU.ActiveCfg = Release|Any CPU
		{01AC3F2D-8E3D-467E-B004-B37548C30621}.Release|Any CPU.Build.0 = Release|Any CPU
		{BF45528C-38EB-4BAD-A6BC-58B9BCE4BA06}.Debug|Any CPU.ActiveCfg = Debug|Any CPU
		{BF45528C-38EB-4BAD-A6BC-58B9BCE4BA06}.Debug|Any CPU.Build.0 = Debug|Any CPU
		{BF45528C-38EB-4BAD-A6BC-58B9BCE4BA06}.Release|Any CPU.ActiveCfg = Release|Any CPU
		{BF45528C-38EB-4BAD-A6BC-58B9BCE4BA06}.Release|Any CPU.Build.0 = Release|Any CPU
		{2C421F01-C382-42C2-90C1-4609348045F3}.Debug|Any CPU.ActiveCfg = Debug|Any CPU
		{2C421F01-C382-42C2-90C1-4609348045F3}.Debug|Any CPU.Build.0 = Debug|Any CPU
		{2C421F01-C382-42C2-90C1-4609348045F3}.Release|Any CPU.ActiveCfg = Release|Any CPU
		{2C421F01-C382-42C2-90C1-4609348045F3}.Release|Any CPU.Build.0 = Release|Any CPU
		{0293601C-AC02-4E1A-A481-3629B20F9AE8}.Debug|Any CPU.ActiveCfg = Debug|Any CPU
		{0293601C-AC02-4E1A-A481-3629B20F9AE8}.Debug|Any CPU.Build.0 = Debug|Any CPU
		{0293601C-AC02-4E1A-A481-3629B20F9AE8}.Release|Any CPU.ActiveCfg = Release|Any CPU
		{0293601C-AC02-4E1A-A481-3629B20F9AE8}.Release|Any CPU.Build.0 = Release|Any CPU
		{733DB200-77D1-4738-BF63-E8BA48A714AE}.Debug|Any CPU.ActiveCfg = Debug|Any CPU
		{733DB200-77D1-4738-BF63-E8BA48A714AE}.Debug|Any CPU.Build.0 = Debug|Any CPU
		{733DB200-77D1-4738-BF63-E8BA48A714AE}.Release|Any CPU.ActiveCfg = Release|Any CPU
		{733DB200-77D1-4738-BF63-E8BA48A714AE}.Release|Any CPU.Build.0 = Release|Any CPU
		{50B69EE1-9679-4DF5-A848-0C24D265FBD3}.Debug|Any CPU.ActiveCfg = Debug|Any CPU
		{50B69EE1-9679-4DF5-A848-0C24D265FBD3}.Debug|Any CPU.Build.0 = Debug|Any CPU
		{50B69EE1-9679-4DF5-A848-0C24D265FBD3}.Release|Any CPU.ActiveCfg = Release|Any CPU
		{50B69EE1-9679-4DF5-A848-0C24D265FBD3}.Release|Any CPU.Build.0 = Release|Any CPU
		{07A98EB5-6156-4092-8E93-F99C46A3C952}.Debug|Any CPU.ActiveCfg = Debug|Any CPU
		{07A98EB5-6156-4092-8E93-F99C46A3C952}.Debug|Any CPU.Build.0 = Debug|Any CPU
		{07A98EB5-6156-4092-8E93-F99C46A3C952}.Release|Any CPU.ActiveCfg = Release|Any CPU
		{07A98EB5-6156-4092-8E93-F99C46A3C952}.Release|Any CPU.Build.0 = Release|Any CPU
		{46151994-DE8D-4C94-AA9B-81088DE6DEF5}.Debug|Any CPU.ActiveCfg = Debug|Any CPU
		{46151994-DE8D-4C94-AA9B-81088DE6DEF5}.Debug|Any CPU.Build.0 = Debug|Any CPU
		{46151994-DE8D-4C94-AA9B-81088DE6DEF5}.Release|Any CPU.ActiveCfg = Release|Any CPU
		{46151994-DE8D-4C94-AA9B-81088DE6DEF5}.Release|Any CPU.Build.0 = Release|Any CPU
	EndGlobalSection
	GlobalSection(SolutionProperties) = preSolution
		HideSolutionNode = FALSE
	EndGlobalSection
	GlobalSection(NestedProjects) = preSolution
		{841818CF-EED2-4C3F-A757-6C6B0164BCF9} = {3A9E10DD-4DC8-4A11-B790-45ED76A14D4E}
		{01AC3F2D-8E3D-467E-B004-B37548C30621} = {3A9E10DD-4DC8-4A11-B790-45ED76A14D4E}
		{BF45528C-38EB-4BAD-A6BC-58B9BCE4BA06} = {3A9E10DD-4DC8-4A11-B790-45ED76A14D4E}
		{2C421F01-C382-42C2-90C1-4609348045F3} = {9A6C9F9C-0340-4B00-B64F-C554DA6317E1}
		{0293601C-AC02-4E1A-A481-3629B20F9AE8} = {9A6C9F9C-0340-4B00-B64F-C554DA6317E1}
		{733DB200-77D1-4738-BF63-E8BA48A714AE} = {9A6C9F9C-0340-4B00-B64F-C554DA6317E1}
		{50B69EE1-9679-4DF5-A848-0C24D265FBD3} = {9A6C9F9C-0340-4B00-B64F-C554DA6317E1}
		{07A98EB5-6156-4092-8E93-F99C46A3C952} = {3A9E10DD-4DC8-4A11-B790-45ED76A14D4E}
		{46151994-DE8D-4C94-AA9B-81088DE6DEF5} = {3A9E10DD-4DC8-4A11-B790-45ED76A14D4E}
	EndGlobalSection
	GlobalSection(ExtensibilityGlobals) = postSolution
		SolutionGuid = {97E78164-7320-48E2-91AD-E1B0A06CE4CE}
	EndGlobalSection
EndGlobal
